
Microsoft Visual Studio Solution File, Format Version 12.00
# Visual Studio Version 16
VisualStudioVersion = 16.0.30128.74
MinimumVisualStudioVersion = 10.0.40219.1
Project("{FAE04EC0-301F-11D3-BF4B-00C04F79EFBC}") = "AttendanceSystemDemo", "AttendanceSystemDemo\AttendanceSystemDemo.csproj", "{89073704-36A9-4CFA-AB50-3BD9AAFD1AEA}"
EndProject
Global
	GlobalSection(SolutionConfigurationPlatforms) = preSolution
		Debug|Any CPU = Debug|Any CPU
		Release|Any CPU = Release|Any CPU
	EndGlobalSection
	GlobalSection(ProjectConfigurationPlatforms) = postSolution
		{89073704-36A9-4CFA-AB50-3BD9AAFD1AEA}.Debug|Any CPU.ActiveCfg = Debug|Any CPU
		{89073704-36A9-4CFA-AB50-3BD9AAFD1AEA}.Debug|Any CPU.Build.0 = Debug|Any CPU
		{89073704-36A9-4CFA-AB50-3BD9AAFD1AEA}.Release|Any CPU.ActiveCfg = Release|Any CPU
		{89073704-36A9-4CFA-AB50-3BD9AAFD1AEA}.Release|Any CPU.Build.0 = Release|Any CPU
	EndGlobalSection
	GlobalSection(SolutionProperties) = preSolution
		HideSolutionNode = FALSE
	EndGlobalSection
	GlobalSection(ExtensibilityGlobals) = postSolution
		SolutionGuid = {1F537818-1F81-40BE-A94B-9FE540D8D01C}
	EndGlobalSection
EndGlobal
